
Microsoft Visual Studio Solution File, Format Version 12.00
# Visual Studio 14
VisualStudioVersion = 14.0.25420.1
MinimumVisualStudioVersion = 10.0.40219.1
Project("{FAE04EC0-301F-11D3-BF4B-00C04F79EFBC}") = "Portal", "Portal\Portal.csproj", "{038CE648-12C4-4B80-9B72-A14FDB235A13}"
EndProject
Project("{FAE04EC0-301F-11D3-BF4B-00C04F79EFBC}") = "Portal.Tests", "Portal.Tests\Portal.Tests.csproj", "{5A53B7BF-C596-439C-ACDB-89A2E93584DB}"
EndProject
Project("{FAE04EC0-301F-11D3-BF4B-00C04F79EFBC}") = "PgDbase", "PgDbase\PgDbase.csproj", "{CF9AD0C6-218B-47F4-B8A3-85D13329BBB6}"
EndProject
Project("{2150E333-8FDC-42A3-9474-1A3956D46DE8}") = "Modules", "Modules", "{5C26047E-DE6F-4A61-B42A-17C1C6965E96}"
EndProject
Project("{FAE04EC0-301F-11D3-BF4B-00C04F79EFBC}") = "AuthModule", "AuthModule\AuthModule.csproj", "{F6000588-C4B4-47DC-A67F-4AF7BE07F108}"
EndProject
Project("{FAE04EC0-301F-11D3-BF4B-00C04F79EFBC}") = "EventsModule", "EventsModule\EventsModule.csproj", "{C57AA699-E4D4-486D-A289-2A0785A7E3C6}"
EndProject
Project("{FAE04EC0-301F-11D3-BF4B-00C04F79EFBC}") = "VacancyModule", "VacancyModule\VacancyModule.csproj", "{AF8D93C7-31B8-4C5F-B052-5A797D3D9D43}"
EndProject
Global
	GlobalSection(SolutionConfigurationPlatforms) = preSolution
		Debug|Any CPU = Debug|Any CPU
		Release|Any CPU = Release|Any CPU
	EndGlobalSection
	GlobalSection(ProjectConfigurationPlatforms) = postSolution
		{038CE648-12C4-4B80-9B72-A14FDB235A13}.Debug|Any CPU.ActiveCfg = Debug|Any CPU
		{038CE648-12C4-4B80-9B72-A14FDB235A13}.Debug|Any CPU.Build.0 = Debug|Any CPU
		{038CE648-12C4-4B80-9B72-A14FDB235A13}.Release|Any CPU.ActiveCfg = Release|Any CPU
		{038CE648-12C4-4B80-9B72-A14FDB235A13}.Release|Any CPU.Build.0 = Release|Any CPU
		{5A53B7BF-C596-439C-ACDB-89A2E93584DB}.Debug|Any CPU.ActiveCfg = Debug|Any CPU
		{5A53B7BF-C596-439C-ACDB-89A2E93584DB}.Debug|Any CPU.Build.0 = Debug|Any CPU
		{5A53B7BF-C596-439C-ACDB-89A2E93584DB}.Release|Any CPU.ActiveCfg = Release|Any CPU
		{5A53B7BF-C596-439C-ACDB-89A2E93584DB}.Release|Any CPU.Build.0 = Release|Any CPU
		{CF9AD0C6-218B-47F4-B8A3-85D13329BBB6}.Debug|Any CPU.ActiveCfg = Debug|Any CPU
		{CF9AD0C6-218B-47F4-B8A3-85D13329BBB6}.Debug|Any CPU.Build.0 = Debug|Any CPU
		{CF9AD0C6-218B-47F4-B8A3-85D13329BBB6}.Release|Any CPU.ActiveCfg = Release|Any CPU
		{CF9AD0C6-218B-47F4-B8A3-85D13329BBB6}.Release|Any CPU.Build.0 = Release|Any CPU
		{F6000588-C4B4-47DC-A67F-4AF7BE07F108}.Debug|Any CPU.ActiveCfg = Debug|Any CPU
		{F6000588-C4B4-47DC-A67F-4AF7BE07F108}.Debug|Any CPU.Build.0 = Debug|Any CPU
		{F6000588-C4B4-47DC-A67F-4AF7BE07F108}.Release|Any CPU.ActiveCfg = Release|Any CPU
		{F6000588-C4B4-47DC-A67F-4AF7BE07F108}.Release|Any CPU.Build.0 = Release|Any CPU
		{C57AA699-E4D4-486D-A289-2A0785A7E3C6}.Debug|Any CPU.ActiveCfg = Debug|Any CPU
		{C57AA699-E4D4-486D-A289-2A0785A7E3C6}.Debug|Any CPU.Build.0 = Debug|Any CPU
		{C57AA699-E4D4-486D-A289-2A0785A7E3C6}.Release|Any CPU.ActiveCfg = Release|Any CPU
		{C57AA699-E4D4-486D-A289-2A0785A7E3C6}.Release|Any CPU.Build.0 = Release|Any CPU
		{AF8D93C7-31B8-4C5F-B052-5A797D3D9D43}.Debug|Any CPU.ActiveCfg = Debug|Any CPU
		{AF8D93C7-31B8-4C5F-B052-5A797D3D9D43}.Debug|Any CPU.Build.0 = Debug|Any CPU
		{AF8D93C7-31B8-4C5F-B052-5A797D3D9D43}.Release|Any CPU.ActiveCfg = Release|Any CPU
		{AF8D93C7-31B8-4C5F-B052-5A797D3D9D43}.Release|Any CPU.Build.0 = Release|Any CPU
	EndGlobalSection
	GlobalSection(SolutionProperties) = preSolution
		HideSolutionNode = FALSE
	EndGlobalSection
	GlobalSection(NestedProjects) = preSolution
		{F6000588-C4B4-47DC-A67F-4AF7BE07F108} = {5C26047E-DE6F-4A61-B42A-17C1C6965E96}
		{C57AA699-E4D4-486D-A289-2A0785A7E3C6} = {5C26047E-DE6F-4A61-B42A-17C1C6965E96}
		{AF8D93C7-31B8-4C5F-B052-5A797D3D9D43} = {5C26047E-DE6F-4A61-B42A-17C1C6965E96}
	EndGlobalSection
	GlobalSection(ExtensibilityGlobals) = postSolution
		SolutionGuid = {F809BFB2-BBA3-454E-BB23-45059D7842BB}
	EndGlobalSection
EndGlobal
